
Microsoft Visual Studio Solution File, Format Version 12.00
# Visual Studio Version 17
VisualStudioVersion = 17.0.31903.59
MinimumVisualStudioVersion = 10.0.40219.1
Project("{9A19103F-16F7-4668-BE54-9A1E7A4F7556}") = "Aquilo.API", "Aquilo.API\Aquilo.API.csproj", "{71B7DCF9-0D11-44C5-A0C6-2BB451FA69A8}"
EndProject
Project("{9A19103F-16F7-4668-BE54-9A1E7A4F7556}") = "Aquilo.Tests", "Aquilo.Tests\Aquilo.Tests.csproj", "{EECA7F2C-45FD-4DBB-AB3D-201216EF0D02}"
EndProject
Project("{9A19103F-16F7-4668-BE54-9A1E7A4F7556}") = "Aquilo.Data", "Aquilo.Data\Aquilo.Data.csproj", "{8871F012-CB54-408C-AC39-DC2D07357D21}"
EndProject
Project("{9A19103F-16F7-4668-BE54-9A1E7A4F7556}") = "Aquilo.Business", "Aquilo.Business\Aquilo.Business.csproj", "{3E0F35DE-4A73-4E90-AADE-97B8511217B6}"
EndProject
Project("{9A19103F-16F7-4668-BE54-9A1E7A4F7556}") = "Aquilo.Common", "Aquilo.Common\Aquilo.Common.csproj", "{7759B2B7-9450-4208-AD81-B9FC4FF4517E}"
EndProject
Project("{9A19103F-16F7-4668-BE54-9A1E7A4F7556}") = "Aquilo.ExternalServices", "Aquilo.ExternalServices\Aquilo.ExternalServices.csproj", "{B49A3B8D-7611-4654-A0E3-394A80E3DAC3}"
EndProject
Project("{2150E333-8FDC-42A3-9474-1A3956D46DE8}") = "Plugins", "Plugins", "{A9AA7F04-667D-47DB-B05C-CB77ACF6561E}"
EndProject
Project("{9A19103F-16F7-4668-BE54-9A1E7A4F7556}") = "Aquilo.DataAPI", "Aquilo.DataAPI\Aquilo.DataAPI.csproj", "{AA8A1506-49F4-4CFF-B24F-2B22EBD7D810}"
EndProject
Project("{2150E333-8FDC-42A3-9474-1A3956D46DE8}") = "FinancalPlugin", "FinancalPlugin", "{16D053F7-6D17-4534-8FA8-0A7E6F181F76}"
EndProject
Project("{FAE04EC0-301F-11D3-BF4B-00C04F79EFBC}") = "Aquilo.UI", "Aquilo.UI\Aquilo.UI.csproj", "{0541590B-7908-460A-83E0-DA6453784735}"
EndProject
Global
	GlobalSection(SolutionConfigurationPlatforms) = preSolution
		Debug|Any CPU = Debug|Any CPU
		Release|Any CPU = Release|Any CPU
	EndGlobalSection
	GlobalSection(ProjectConfigurationPlatforms) = postSolution
		{71B7DCF9-0D11-44C5-A0C6-2BB451FA69A8}.Debug|Any CPU.ActiveCfg = Debug|Any CPU
		{71B7DCF9-0D11-44C5-A0C6-2BB451FA69A8}.Debug|Any CPU.Build.0 = Debug|Any CPU
		{71B7DCF9-0D11-44C5-A0C6-2BB451FA69A8}.Release|Any CPU.ActiveCfg = Release|Any CPU
		{71B7DCF9-0D11-44C5-A0C6-2BB451FA69A8}.Release|Any CPU.Build.0 = Release|Any CPU
		{EECA7F2C-45FD-4DBB-AB3D-201216EF0D02}.Debug|Any CPU.ActiveCfg = Debug|Any CPU
		{EECA7F2C-45FD-4DBB-AB3D-201216EF0D02}.Debug|Any CPU.Build.0 = Debug|Any CPU
		{EECA7F2C-45FD-4DBB-AB3D-201216EF0D02}.Release|Any CPU.ActiveCfg = Release|Any CPU
		{EECA7F2C-45FD-4DBB-AB3D-201216EF0D02}.Release|Any CPU.Build.0 = Release|Any CPU
		{8871F012-CB54-408C-AC39-DC2D07357D21}.Debug|Any CPU.ActiveCfg = Debug|Any CPU
		{8871F012-CB54-408C-AC39-DC2D07357D21}.Debug|Any CPU.Build.0 = Debug|Any CPU
		{8871F012-CB54-408C-AC39-DC2D07357D21}.Release|Any CPU.ActiveCfg = Release|Any CPU
		{8871F012-CB54-408C-AC39-DC2D07357D21}.Release|Any CPU.Build.0 = Release|Any CPU
		{3E0F35DE-4A73-4E90-AADE-97B8511217B6}.Debug|Any CPU.ActiveCfg = Debug|Any CPU
		{3E0F35DE-4A73-4E90-AADE-97B8511217B6}.Debug|Any CPU.Build.0 = Debug|Any CPU
		{3E0F35DE-4A73-4E90-AADE-97B8511217B6}.Release|Any CPU.ActiveCfg = Release|Any CPU
		{3E0F35DE-4A73-4E90-AADE-97B8511217B6}.Release|Any CPU.Build.0 = Release|Any CPU
		{7759B2B7-9450-4208-AD81-B9FC4FF4517E}.Debug|Any CPU.ActiveCfg = Debug|Any CPU
		{7759B2B7-9450-4208-AD81-B9FC4FF4517E}.Debug|Any CPU.Build.0 = Debug|Any CPU
		{7759B2B7-9450-4208-AD81-B9FC4FF4517E}.Release|Any CPU.ActiveCfg = Release|Any CPU
		{7759B2B7-9450-4208-AD81-B9FC4FF4517E}.Release|Any CPU.Build.0 = Release|Any CPU
		{B49A3B8D-7611-4654-A0E3-394A80E3DAC3}.Debug|Any CPU.ActiveCfg = Debug|Any CPU
		{B49A3B8D-7611-4654-A0E3-394A80E3DAC3}.Debug|Any CPU.Build.0 = Debug|Any CPU
		{B49A3B8D-7611-4654-A0E3-394A80E3DAC3}.Release|Any CPU.ActiveCfg = Release|Any CPU
		{B49A3B8D-7611-4654-A0E3-394A80E3DAC3}.Release|Any CPU.Build.0 = Release|Any CPU
		{AA8A1506-49F4-4CFF-B24F-2B22EBD7D810}.Debug|Any CPU.ActiveCfg = Debug|Any CPU
		{AA8A1506-49F4-4CFF-B24F-2B22EBD7D810}.Debug|Any CPU.Build.0 = Debug|Any CPU
		{AA8A1506-49F4-4CFF-B24F-2B22EBD7D810}.Release|Any CPU.ActiveCfg = Release|Any CPU
		{AA8A1506-49F4-4CFF-B24F-2B22EBD7D810}.Release|Any CPU.Build.0 = Release|Any CPU
		{0541590B-7908-460A-83E0-DA6453784735}.Debug|Any CPU.ActiveCfg = Debug|Any CPU
		{0541590B-7908-460A-83E0-DA6453784735}.Debug|Any CPU.Build.0 = Debug|Any CPU
		{0541590B-7908-460A-83E0-DA6453784735}.Release|Any CPU.ActiveCfg = Release|Any CPU
		{0541590B-7908-460A-83E0-DA6453784735}.Release|Any CPU.Build.0 = Release|Any CPU
	EndGlobalSection
	GlobalSection(SolutionProperties) = preSolution
		HideSolutionNode = FALSE
	EndGlobalSection
	GlobalSection(NestedProjects) = preSolution
		{16D053F7-6D17-4534-8FA8-0A7E6F181F76} = {A9AA7F04-667D-47DB-B05C-CB77ACF6561E}
		{0541590B-7908-460A-83E0-DA6453784735} = {A9AA7F04-667D-47DB-B05C-CB77ACF6561E}
	EndGlobalSection
	GlobalSection(ExtensibilityGlobals) = postSolution
		SolutionGuid = {57A752A0-893A-4754-8E63-3091DF4010EE}
	EndGlobalSection
EndGlobal
